{
  "requires": true,
  "lockfileVersion": 1,
  "dependencies": {
    "@aws-amplify/analytics": {
      "version": "2.2.6",
      "resolved": "https://registry.npmjs.org/@aws-amplify/analytics/-/analytics-2.2.6.tgz",
      "integrity": "sha512-k9aNdeEVNugEgeRQDRtXxqoeqe0MQKWlVglHu1LLfN47Ux8EtGG8m1119MiGVol7eh58/+ZUL1fErNiZf26wWg==",
      "requires": {
        "@aws-amplify/cache": "^2.1.6",
        "@aws-amplify/core": "^2.2.5",
        "uuid": "^3.2.1"
      }
    },
    "@aws-amplify/api": {
      "version": "2.1.6",
      "resolved": "https://registry.npmjs.org/@aws-amplify/api/-/api-2.1.6.tgz",
      "integrity": "sha512-Q3LUgscgkpJwK+tl9Ibc1asbSjyzb6IGxkodSNig8ieCXsX/bLpbsStBATl92pnDyCR6q3CDcewd09E4jEqlSQ==",
      "requires": {
        "@aws-amplify/auth": "^2.1.6",
        "@aws-amplify/cache": "^2.1.6",
        "@aws-amplify/core": "^2.2.5",
        "axios": "^0.19.0",
        "graphql": "14.0.0",
        "uuid": "^3.2.1",
        "zen-observable": "^0.8.6"
      }
    },
    "@aws-amplify/auth": {
      "version": "2.1.6",
      "resolved": "https://registry.npmjs.org/@aws-amplify/auth/-/auth-2.1.6.tgz",
      "integrity": "sha512-8D5qtzuS3iiTUQk193fR5mztvOLWgk4kaVLMJG67kXWObCe1Rw73FAsCKRy1fqjSrT9z40c16eJso7m7YFBFRQ==",
      "requires": {
        "@aws-amplify/cache": "^2.1.6",
        "@aws-amplify/core": "^2.2.5",
        "amazon-cognito-identity-js": "^3.2.5",
        "crypto-js": "3.1.9-1"
      }
    },
    "@aws-amplify/cache": {
      "version": "2.1.6",
      "resolved": "https://registry.npmjs.org/@aws-amplify/cache/-/cache-2.1.6.tgz",
      "integrity": "sha512-muEix+GT5D8DiMOsOfEEe8rGouw4ZZIB/MT9qJxRDy0lsmF/CSkpqTtn/ES2m+bux8KH6EWXIedDle/+duFdZw==",
      "requires": {
        "@aws-amplify/core": "^2.2.5"
      }
    },
    "@aws-amplify/core": {
      "version": "2.2.5",
      "resolved": "https://registry.npmjs.org/@aws-amplify/core/-/core-2.2.5.tgz",
      "integrity": "sha512-l5DxgdO/OmnXnhefOFQdMAfx3Q5PX7s3IB8odi3MB+KErtaUm6rOXAkYE8r9IASQdbYvf9Ea4OzeM8Ztpdw/CQ==",
      "requires": {
        "aws-sdk": "2.518.0",
        "url": "^0.11.0",
        "zen-observable": "^0.8.6"
      }
    },
    "@aws-amplify/interactions": {
      "version": "2.1.6",
      "resolved": "https://registry.npmjs.org/@aws-amplify/interactions/-/interactions-2.1.6.tgz",
      "integrity": "sha512-qNOdVIjbCQ9FNtQAvMChIXSdADYLJd/hKtWc/viHQojqrb8qFMLjcVUMePlvxqrJoghbidYDYXX/icU/Z0pJGQ==",
      "requires": {
        "@aws-amplify/core": "^2.2.5"
      }
    },
    "@aws-amplify/predictions": {
      "version": "2.1.6",
      "resolved": "https://registry.npmjs.org/@aws-amplify/predictions/-/predictions-2.1.6.tgz",
      "integrity": "sha512-1CZCUxz67M+nBXhALDeD7y4M/hCojzC7nR9GPIECZF4VIDjNNePUHtdit/3IgeEfoxA48ekhoZkcod6mdvy9bg==",
      "requires": {
        "@aws-amplify/core": "^2.2.5",
        "@aws-amplify/storage": "^2.2.1",
        "@aws-sdk/eventstream-marshaller": "0.1.0-preview.2",
        "@aws-sdk/util-utf8-node": "0.1.0-preview.1",
        "uuid": "^3.2.1"
      }
    },
    "@aws-amplify/pubsub": {
      "version": "2.1.7",
      "resolved": "https://registry.npmjs.org/@aws-amplify/pubsub/-/pubsub-2.1.7.tgz",
      "integrity": "sha512-zVwJCBuhYNgPjFHUOkCbx7VEMWXvaiREdbnw6lk26lfXGd3Ot8gFY84e5DZEArZlg+gkuAzIEW3/eCCHD4BFVg==",
      "requires": {
        "@aws-amplify/auth": "^2.1.6",
        "@aws-amplify/cache": "^2.1.6",
        "@aws-amplify/core": "^2.2.5",
        "graphql": "14.0.0",
        "paho-mqtt": "^1.1.0",
        "uuid": "^3.2.1",
        "zen-observable": "^0.8.6"
      }
    },
    "@aws-amplify/storage": {
      "version": "2.2.1",
      "resolved": "https://registry.npmjs.org/@aws-amplify/storage/-/storage-2.2.1.tgz",
      "integrity": "sha512-dsHVj9ElzmYiy1kbomK4BNty2R4mV6CgLKAHQ/NwUtWRqT200dMNMfYD2Qvbjv8dL2XICalOV+t5VhPkwMBvJg==",
      "requires": {
        "@aws-amplify/core": "^2.2.5"
      }
    },
    "@aws-amplify/ui": {
      "version": "1.1.5",
      "resolved": "https://registry.npmjs.org/@aws-amplify/ui/-/ui-1.1.5.tgz",
      "integrity": "sha512-lMC43ZsBMKXmsoZevk1EYESVEQh4jlcL4LSMTtHRC1CUrYPIf4EssqPkbMmJEvs3J+8JIcV5aOL5o5enBmaKug=="
    },
    "@aws-amplify/xr": {
      "version": "1.1.6",
      "resolved": "https://registry.npmjs.org/@aws-amplify/xr/-/xr-1.1.6.tgz",
      "integrity": "sha512-FneWKS1rCxH2HWHNv8b1RBRwakS1wVFt4UMlDT8jvXFZD6nzKXSmj2MoHvoGR97jn2PAxbUM1vSwHtzSl6wNkA==",
      "requires": {
        "@aws-amplify/core": "^2.2.5"
      }
    },
    "@aws-crypto/crc32": {
      "version": "0.1.0-preview.4",
      "resolved": "https://registry.npmjs.org/@aws-crypto/crc32/-/crc32-0.1.0-preview.4.tgz",
      "integrity": "sha512-Faxpmo6pUPvfwE8ELdJo9K9bdIjsra+AM2Cq2Fvydd4xJRHpKLWzQ3kdz324auMkHKbn4veTDo3sZRuSbh/Pug==",
      "requires": {
        "tslib": "^1.9.3"
      }
    },
    "@aws-sdk/eventstream-marshaller": {
      "version": "0.1.0-preview.2",
      "resolved": "https://registry.npmjs.org/@aws-sdk/eventstream-marshaller/-/eventstream-marshaller-0.1.0-preview.2.tgz",
      "integrity": "sha512-StNivqLMGk+6Blp7eBYgLvidD9HEhthzNz7dBBAQPELx3Nd3imodzSvckDw5ZkuWt6ViP+aAl8HgQvJmD71M5Q==",
      "requires": {
        "@aws-crypto/crc32": "^0.1.0-preview.1",
        "@aws-sdk/types": "^0.1.0-preview.1",
        "@aws-sdk/util-hex-encoding": "^0.1.0-preview.1",
        "tslib": "^1.8.0"
      }
    },
    "@aws-sdk/is-array-buffer": {
      "version": "0.1.0-preview.1",
      "resolved": "https://registry.npmjs.org/@aws-sdk/is-array-buffer/-/is-array-buffer-0.1.0-preview.1.tgz",
      "integrity": "sha512-9Qrr9w6sNX19N0eO7JBYjp86OPcOyjDPe580L5ISDKo7XfuzK20IC2TeGTZ77okhRTsm8rF5UgP9scBu59jwoA==",
      "requires": {
        "tslib": "^1.8.0"
      }
    },
    "@aws-sdk/types": {
      "version": "0.1.0-preview.1",
      "resolved": "https://registry.npmjs.org/@aws-sdk/types/-/types-0.1.0-preview.1.tgz",
      "integrity": "sha512-CcZpxyN2G0I7+Jyj0om3LafYX7d30JWJAAQ+53Ysjau7jyL/xLMMkLZgniQPV8BMV7uKLXyf4hwu8JSs0Ejb+w=="
    },
    "@aws-sdk/util-buffer-from": {
      "version": "0.1.0-preview.1",
      "resolved": "https://registry.npmjs.org/@aws-sdk/util-buffer-from/-/util-buffer-from-0.1.0-preview.1.tgz",
      "integrity": "sha512-i46iuFQA05+92L/epK7befgoxw6DM38LnaHjHNxRoJeIYUllZvpJst74FRCJ5UvVOaMDvHO3woWG+dY8/KVABw==",
      "requires": {
        "@aws-sdk/is-array-buffer": "^0.1.0-preview.1",
        "tslib": "^1.8.0"
      }
    },
    "@aws-sdk/util-hex-encoding": {
      "version": "0.1.0-preview.1",
      "resolved": "https://registry.npmjs.org/@aws-sdk/util-hex-encoding/-/util-hex-encoding-0.1.0-preview.1.tgz",
      "integrity": "sha512-97ZMVcJpIXwOQN2RntPimav6G5iod/QHEbqGrmaECXyjXzSrexKHRYjpQAtmJ7geZTMsofoRSdj3qZCymjn7Uw==",
      "requires": {
        "tslib": "^1.8.0"
      }
    },
    "@aws-sdk/util-utf8-node": {
      "version": "0.1.0-preview.1",
      "resolved": "https://registry.npmjs.org/@aws-sdk/util-utf8-node/-/util-utf8-node-0.1.0-preview.1.tgz",
      "integrity": "sha512-PSUsSJ0nnMPS389f0R3kIVR0BElnEb22Ofj40iO5HCtw9gZ1ot+enFdbOmW4m1e5+ED9U/Hqxqc7QhFWWF4NUQ==",
      "requires": {
        "@aws-sdk/util-buffer-from": "^0.1.0-preview.1",
        "tslib": "^1.8.0"
      }
    },
    "@babel/runtime": {
      "version": "7.8.7",
      "resolved": "https://registry.npmjs.org/@babel/runtime/-/runtime-7.8.7.tgz",
      "integrity": "sha512-+AATMUFppJDw6aiR5NVPHqIQBlV/Pj8wY/EZH+lmvRdUo9xBaz/rF3alAwFJQavvKfeOlPE7oaaDHVbcySbCsg==",
      "requires": {
        "regenerator-runtime": "^0.13.4"
      },
      "dependencies": {
        "regenerator-runtime": {
          "version": "0.13.4",
          "resolved": "https://registry.npmjs.org/regenerator-runtime/-/regenerator-runtime-0.13.4.tgz",
          "integrity": "sha512-plpwicqEzfEyTQohIKktWigcLzmNStMGwbOUbykx51/29Z3JOGYldaaNGK7ngNXV+UcoqvIMmloZ48Sr74sd+g=="
        }
      }
    },
    "amazon-cognito-identity-js": {
      "version": "3.2.5",
      "resolved": "https://registry.npmjs.org/amazon-cognito-identity-js/-/amazon-cognito-identity-js-3.2.5.tgz",
      "integrity": "sha512-DIJM6Spo4YErBxhCqCuQNVWwHG2XBE57Cvrt97L4mSziCTq612E9jerBxEb2+Iy/xjFZpL4Yzqxe+j3rJmBWEQ==",
      "requires": {
        "buffer": "4.9.1",
        "crypto-js": "3.1.9-1",
        "js-cookie": "^2.1.4"
      }
    },
    "asap": {
      "version": "2.0.6",
      "resolved": "https://registry.npmjs.org/asap/-/asap-2.0.6.tgz",
      "integrity": "sha1-5QNHYR1+aQlDIIu9r+vLwvuGbUY="
    },
    "aws-amplify": {
      "version": "2.2.6",
      "resolved": "https://registry.npmjs.org/aws-amplify/-/aws-amplify-2.2.6.tgz",
      "integrity": "sha512-yops+OW4Sc503KO6r76n065Na6PZ6BNFpieeLRuMeCBaWJ+9qJR59Xj5h0FZor+8nWMiGF5kd9TqSVTX2ecnPg==",
      "requires": {
        "@aws-amplify/analytics": "^2.2.6",
        "@aws-amplify/api": "^2.1.6",
        "@aws-amplify/auth": "^2.1.6",
        "@aws-amplify/cache": "^2.1.6",
        "@aws-amplify/core": "^2.2.5",
        "@aws-amplify/interactions": "^2.1.6",
        "@aws-amplify/predictions": "^2.1.6",
        "@aws-amplify/pubsub": "^2.1.7",
        "@aws-amplify/storage": "^2.2.1",
        "@aws-amplify/ui": "^1.1.5",
        "@aws-amplify/xr": "^1.1.6"
      }
    },
    "aws-amplify-react": {
      "version": "3.1.7",
      "resolved": "https://registry.npmjs.org/aws-amplify-react/-/aws-amplify-react-3.1.7.tgz",
      "integrity": "sha512-karMa91pCiCVa/DS19SVR6K2Z+0bRWs6tSKiArpP8RPEnp91WGPgmMRmczAQPH3zM88wLGeeXDsHsM5UypgFxw==",
      "requires": {
        "qrcode.react": "^0.8.0",
        "regenerator-runtime": "^0.11.1"
      }
    },
    "aws-sdk": {
      "version": "2.518.0",
      "resolved": "https://registry.npmjs.org/aws-sdk/-/aws-sdk-2.518.0.tgz",
      "integrity": "sha512-hwtKKf93TFyd3qugDW54ElpkUXhPe+ArPIHadre6IAFjCJiv08L8DaZKLRyclDnKfTavKe+f/PhdSEYo1QUHiA==",
      "requires": {
        "buffer": "4.9.1",
        "events": "1.1.1",
        "ieee754": "1.1.8",
        "jmespath": "0.15.0",
        "querystring": "0.2.0",
        "sax": "1.2.1",
        "url": "0.10.3",
        "uuid": "3.3.2",
        "xml2js": "0.4.19"
      },
      "dependencies": {
        "url": {
          "version": "0.10.3",
          "resolved": "https://registry.npmjs.org/url/-/url-0.10.3.tgz",
          "integrity": "sha1-Ah5NnHcF8hu/N9A861h2dAJ3TGQ=",
          "requires": {
            "punycode": "1.3.2",
            "querystring": "0.2.0"
          }
        },
        "uuid": {
          "version": "3.3.2",
          "resolved": "https://registry.npmjs.org/uuid/-/uuid-3.3.2.tgz",
          "integrity": "sha512-yXJmeNaw3DnnKAOKJE51sL/ZaYfWJRl1pK9dr19YFCu0ObS231AB1/LbqTKRAQ5kw8A90rA6fr4riOUpTZvQZA=="
        }
      }
    },
    "axios": {
      "version": "0.19.2",
      "resolved": "https://registry.npmjs.org/axios/-/axios-0.19.2.tgz",
      "integrity": "sha512-fjgm5MvRHLhx+osE2xoekY70AhARk3a6hkN+3Io1jc00jtquGvxYlKlsFUhmUET0V5te6CcZI7lcv2Ym61mjHA==",
      "requires": {
        "follow-redirects": "1.5.10"
      }
    },
    "babel-runtime": {
      "version": "6.26.0",
      "resolved": "https://registry.npmjs.org/babel-runtime/-/babel-runtime-6.26.0.tgz",
      "integrity": "sha1-llxwWGaOgrVde/4E/yM3vItWR/4=",
      "requires": {
        "core-js": "^2.4.0",
        "regenerator-runtime": "^0.11.0"
      }
    },
    "base64-js": {
      "version": "1.3.1",
      "resolved": "https://registry.npmjs.org/base64-js/-/base64-js-1.3.1.tgz",
      "integrity": "sha512-mLQ4i2QO1ytvGWFWmcngKO//JXAQueZvwEKtjgQFM4jIK0kU+ytMfplL8j+n5mspOfjHwoAg+9yhb7BwAHm36g=="
    },
    "buffer": {
      "version": "4.9.1",
      "resolved": "https://registry.npmjs.org/buffer/-/buffer-4.9.1.tgz",
      "integrity": "sha1-bRu2AbB6TvztlwlBMgkwJ8lbwpg=",
      "requires": {
        "base64-js": "^1.0.2",
        "ieee754": "^1.1.4",
        "isarray": "^1.0.0"
      }
    },
    "change-emitter": {
      "version": "0.1.6",
      "resolved": "https://registry.npmjs.org/change-emitter/-/change-emitter-0.1.6.tgz",
      "integrity": "sha1-6LL+PX8at9aaMhma/5HqaTFAlRU="
    },
    "classnames": {
      "version": "2.2.6",
      "resolved": "https://registry.npmjs.org/classnames/-/classnames-2.2.6.tgz",
      "integrity": "sha512-JR/iSQOSt+LQIWwrwEzJ9uk0xfN3mTVYMwt1Ir5mUcSN6pU+V4zQFFaJsclJbPuAUQH+yfWef6tm7l1quW3C8Q=="
    },
    "clsx": {
      "version": "1.1.0",
      "resolved": "https://registry.npmjs.org/clsx/-/clsx-1.1.0.tgz",
      "integrity": "sha512-3avwM37fSK5oP6M5rQ9CNe99lwxhXDOeSWVPAOYF6OazUTgZCMb0yWlJpmdD74REy1gkEaFiub2ULv4fq9GUhA=="
    },
    "core-js": {
      "version": "2.6.11",
      "resolved": "https://registry.npmjs.org/core-js/-/core-js-2.6.11.tgz",
      "integrity": "sha512-5wjnpaT/3dV+XB4borEsnAYQchn00XSgTAWKDkEqv+K8KevjbzmofK6hfJ9TZIlpj2N0xQpazy7PiRQiWHqzWg=="
    },
    "crypto-js": {
      "version": "3.1.9-1",
      "resolved": "https://registry.npmjs.org/crypto-js/-/crypto-js-3.1.9-1.tgz",
      "integrity": "sha1-/aGedh/Ad+Af+/3G6f38WeiAbNg="
    },
    "csstype": {
      "version": "2.6.9",
      "resolved": "https://registry.npmjs.org/csstype/-/csstype-2.6.9.tgz",
      "integrity": "sha512-xz39Sb4+OaTsULgUERcCk+TJj8ylkL4aSVDQiX/ksxbELSqwkgt4d4RD7fovIdgJGSuNYqwZEiVjYY5l0ask+Q=="
    },
    "date-fns": {
      "version": "1.30.1",
      "resolved": "https://registry.npmjs.org/date-fns/-/date-fns-1.30.1.tgz",
      "integrity": "sha512-hBSVCvSmWC+QypYObzwGOd9wqdDpOt+0wl0KbU+R+uuZBS1jN8VsD1ss3irQDknRj5NvxiTF6oj/nDRnN/UQNw=="
    },
    "debug": {
      "version": "3.1.0",
      "resolved": "https://registry.npmjs.org/debug/-/debug-3.1.0.tgz",
      "integrity": "sha512-OX8XqP7/1a9cqkxYw2yXss15f26NKWBpDXQd0/uK/KPqdQhxbPa994hnzjcE2VqQpDslf55723cKPUOGSmMY3g==",
      "requires": {
        "ms": "2.0.0"
      }
    },
    "dom-helpers": {
      "version": "5.1.3",
      "resolved": "https://registry.npmjs.org/dom-helpers/-/dom-helpers-5.1.3.tgz",
      "integrity": "sha512-nZD1OtwfWGRBWlpANxacBEZrEuLa16o1nh7YopFWeoF68Zt8GGEmzHu6Xv4F3XaFIC+YXtTLrzgqKxFgLEe4jw==",
      "requires": {
        "@babel/runtime": "^7.6.3",
        "csstype": "^2.6.7"
      }
    },
    "dom-lib": {
      "version": "1.2.1",
      "resolved": "https://registry.npmjs.org/dom-lib/-/dom-lib-1.2.1.tgz",
      "integrity": "sha512-sx7X6iK0jidoY0xR/a/a3zOW6aLRuikb8E+3H5l5j4cgYmxXRvH1VcLf7w+FK77F8EAOt7td6ILmh1pyE/xDJA=="
    },
    "element-resize-event": {
      "version": "3.0.3",
      "resolved": "https://registry.npmjs.org/element-resize-event/-/element-resize-event-3.0.3.tgz",
      "integrity": "sha512-vhGNxT87PdZA6Ak4E0QhArwGzNcSPUwSN7n9wCFLeBlY2NNuuiwguQuQIp7P5oB65PLJ892yKcHiqz1xLWeiug=="
    },
    "encoding": {
      "version": "0.1.12",
      "resolved": "https://registry.npmjs.org/encoding/-/encoding-0.1.12.tgz",
      "integrity": "sha1-U4tm8+5izRq1HsMjgp0flIDHS+s=",
      "requires": {
        "iconv-lite": "~0.4.13"
      }
    },
    "events": {
      "version": "1.1.1",
      "resolved": "https://registry.npmjs.org/events/-/events-1.1.1.tgz",
      "integrity": "sha1-nr23Y1rQmccNzEwqH1AEKI6L2SQ="
    },
    "fbjs": {
      "version": "0.8.17",
      "resolved": "https://registry.npmjs.org/fbjs/-/fbjs-0.8.17.tgz",
      "integrity": "sha1-xNWY6taUkRJlPWWIsBpc3Nn5D90=",
      "requires": {
        "core-js": "^1.0.0",
        "isomorphic-fetch": "^2.1.1",
        "loose-envify": "^1.0.0",
        "object-assign": "^4.1.0",
        "promise": "^7.1.1",
        "setimmediate": "^1.0.5",
        "ua-parser-js": "^0.7.18"
      },
      "dependencies": {
        "core-js": {
          "version": "1.2.7",
          "resolved": "https://registry.npmjs.org/core-js/-/core-js-1.2.7.tgz",
          "integrity": "sha1-ZSKUwUZR2yj6k70tX/KYOk8IxjY="
        }
      }
    },
    "follow-redirects": {
      "version": "1.5.10",
      "resolved": "https://registry.npmjs.org/follow-redirects/-/follow-redirects-1.5.10.tgz",
      "integrity": "sha512-0V5l4Cizzvqt5D44aTXbFZz+FtyXV1vrDN6qrelxtfYQKW0KO0W2T/hkE8xvGa/540LkZlkaUjO4ailYTFtHVQ==",
      "requires": {
        "debug": "=3.1.0"
      }
    },
    "graphql": {
      "version": "14.0.0",
      "resolved": "https://registry.npmjs.org/graphql/-/graphql-14.0.0.tgz",
      "integrity": "sha512-HGVcnO6B25YZcSt6ZsH6/N+XkYuPA7yMqJmlJ4JWxWlS4Tr8SHI56R1Ocs8Eor7V7joEZPRXPDH8RRdll1w44Q==",
      "requires": {
        "iterall": "^1.2.2"
      }
    },
    "hoist-non-react-statics": {
      "version": "2.5.5",
      "resolved": "https://registry.npmjs.org/hoist-non-react-statics/-/hoist-non-react-statics-2.5.5.tgz",
      "integrity": "sha512-rqcy4pJo55FTTLWt+bU8ukscqHeE/e9KWvsOW2b/a3afxQZhwkQdT1rPPCJ0rYXdj4vNcasY8zHTH+jF/qStxw=="
    },
    "iconv-lite": {
      "version": "0.4.24",
      "resolved": "https://registry.npmjs.org/iconv-lite/-/iconv-lite-0.4.24.tgz",
      "integrity": "sha512-v3MXnZAcvnywkTUEZomIActle7RXXeedOR31wwl7VlyoXO4Qi9arvSenNQWne1TcRwhCL1HwLI21bEqdpj8/rA==",
      "requires": {
        "safer-buffer": ">= 2.1.2 < 3"
      }
    },
    "ieee754": {
      "version": "1.1.8",
      "resolved": "https://registry.npmjs.org/ieee754/-/ieee754-1.1.8.tgz",
      "integrity": "sha1-vjPUCsEO8ZJnAfbwii2G+/0a0+Q="
    },
    "is-stream": {
      "version": "1.1.0",
      "resolved": "https://registry.npmjs.org/is-stream/-/is-stream-1.1.0.tgz",
      "integrity": "sha1-EtSj3U5o4Lec6428hBc66A2RykQ="
    },
    "isarray": {
      "version": "1.0.0",
      "resolved": "https://registry.npmjs.org/isarray/-/isarray-1.0.0.tgz",
      "integrity": "sha1-u5NdSFgsuhaMBoNJV6VKPgcSTxE="
    },
    "isomorphic-fetch": {
      "version": "2.2.1",
      "resolved": "https://registry.npmjs.org/isomorphic-fetch/-/isomorphic-fetch-2.2.1.tgz",
      "integrity": "sha1-YRrhrPFPXoH3KVB0coGf6XM1WKk=",
      "requires": {
        "node-fetch": "^1.0.1",
        "whatwg-fetch": ">=0.10.0"
      }
    },
    "iterall": {
      "version": "1.3.0",
      "resolved": "https://registry.npmjs.org/iterall/-/iterall-1.3.0.tgz",
      "integrity": "sha512-QZ9qOMdF+QLHxy1QIpUHUU1D5pS2CG2P69LF6L6CPjPYA/XMOmKV3PZpawHoAjHNyB0swdVTRxdYT4tbBbxqwg=="
    },
    "jmespath": {
      "version": "0.15.0",
      "resolved": "https://registry.npmjs.org/jmespath/-/jmespath-0.15.0.tgz",
      "integrity": "sha1-o/Iiqarp+Wb10nx5ZRDigJF2Qhc="
    },
    "js-cookie": {
      "version": "2.2.1",
      "resolved": "https://registry.npmjs.org/js-cookie/-/js-cookie-2.2.1.tgz",
      "integrity": "sha512-HvdH2LzI/EAZcUwA8+0nKNtWHqS+ZmijLA30RwZA0bo7ToCckjK5MkGhjED9KoRcXO6BaGI3I9UIzSA1FKFPOQ=="
    },
    "js-tokens": {
      "version": "4.0.0",
      "resolved": "https://registry.npmjs.org/js-tokens/-/js-tokens-4.0.0.tgz",
      "integrity": "sha512-RdJUflcE3cUzKiMqQgsCu06FPu9UdIJO0beYbPhHN4k6apgJtifcoCtT9bcxOpYBtpD2kCM6Sbzg4CausW/PKQ=="
    },
    "lodash": {
      "version": "4.17.15",
      "resolved": "https://registry.npmjs.org/lodash/-/lodash-4.17.15.tgz",
      "integrity": "sha512-8xOcRHvCjnocdS5cpwXQXVzmmh5e5+saE2QGoeQmbKmRS6J3VQppPOIt0MnmE+4xlZoumy0GPG0D0MVIQbNA1A=="
    },
    "loose-envify": {
      "version": "1.4.0",
      "resolved": "https://registry.npmjs.org/loose-envify/-/loose-envify-1.4.0.tgz",
      "integrity": "sha512-lyuxPGr/Wfhrlem2CL/UcnUc1zcqKAImBDzukY7Y5F/yQiNdko6+fRLevlw1HgMySw7f611UIY408EtxRSoK3Q==",
      "requires": {
        "js-tokens": "^3.0.0 || ^4.0.0"
      }
    },
    "ms": {
      "version": "2.0.0",
      "resolved": "https://registry.npmjs.org/ms/-/ms-2.0.0.tgz",
      "integrity": "sha1-VgiurfwAvmwpAd9fmGF4jeDVl8g="
    },
    "node-fetch": {
      "version": "1.7.3",
      "resolved": "https://registry.npmjs.org/node-fetch/-/node-fetch-1.7.3.tgz",
      "integrity": "sha512-NhZ4CsKx7cYm2vSrBAr2PvFOe6sWDf0UYLRqA6svUYg7+/TSfVAu49jYC4BvQ4Sms9SZgdqGBgroqfDhJdTyKQ==",
      "requires": {
        "encoding": "^0.1.11",
        "is-stream": "^1.0.1"
      }
    },
    "object-assign": {
      "version": "4.1.1",
      "resolved": "https://registry.npmjs.org/object-assign/-/object-assign-4.1.1.tgz",
      "integrity": "sha1-IQmtx5ZYh8/AXLvUQsrIv7s2CGM="
    },
    "paho-mqtt": {
      "version": "1.1.0",
      "resolved": "https://registry.npmjs.org/paho-mqtt/-/paho-mqtt-1.1.0.tgz",
      "integrity": "sha512-KPbL9KAB0ASvhSDbOrZBaccXS+/s7/LIofbPyERww8hM5Ko71GUJQ6Nmg0BWqj8phAIT8zdf/Sd/RftHU9i2HA=="
    },
    "promise": {
      "version": "7.3.1",
      "resolved": "https://registry.npmjs.org/promise/-/promise-7.3.1.tgz",
      "integrity": "sha512-nolQXZ/4L+bP/UGlkfaIujX9BKxGwmQ9OT4mOt5yvy8iK1h3wqTEJCijzGANTCCl9nWjY41juyAn2K3Q1hLLTg==",
      "requires": {
        "asap": "~2.0.3"
      }
    },
    "prop-types": {
      "version": "15.7.2",
      "resolved": "https://registry.npmjs.org/prop-types/-/prop-types-15.7.2.tgz",
      "integrity": "sha512-8QQikdH7//R2vurIJSutZ1smHYTcLpRWEOlHnzcWHmBYrOGUysKwSsrC89BCiFj3CbrfJ/nXFdJepOVrY1GCHQ==",
      "requires": {
        "loose-envify": "^1.4.0",
        "object-assign": "^4.1.1",
        "react-is": "^16.8.1"
      }
    },
    "punycode": {
      "version": "1.3.2",
      "resolved": "https://registry.npmjs.org/punycode/-/punycode-1.3.2.tgz",
      "integrity": "sha1-llOgNvt8HuQjQvIyXM7v6jkmxI0="
    },
    "qr.js": {
      "version": "0.0.0",
      "resolved": "https://registry.npmjs.org/qr.js/-/qr.js-0.0.0.tgz",
      "integrity": "sha1-ys6GOG9ZoNuAUPqQ2baw6IoeNk8="
    },
    "qrcode.react": {
      "version": "0.8.0",
      "resolved": "https://registry.npmjs.org/qrcode.react/-/qrcode.react-0.8.0.tgz",
      "integrity": "sha512-16wKpuFvLwciIq2YAsfmPUCnSR8GrYPsXRK5KVdcIuX0+W/MKZbBkFhl44ttRx4TWZHqRjfztoWOxdPF0Hb9JA==",
      "requires": {
        "prop-types": "^15.6.0",
        "qr.js": "0.0.0"
      }
    },
    "querystring": {
      "version": "0.2.0",
      "resolved": "https://registry.npmjs.org/querystring/-/querystring-0.2.0.tgz",
      "integrity": "sha1-sgmEkgO7Jd+CDadW50cAWHhSFiA="
    },
    "react-is": {
      "version": "16.13.0",
      "resolved": "https://registry.npmjs.org/react-is/-/react-is-16.13.0.tgz",
      "integrity": "sha512-GFMtL0vHkiBv9HluwNZTggSn/sCyEt9n02aM0dSAjGGyqyNlAyftYm4phPxdvCigG15JreC5biwxCgTAJZ7yAA=="
    },
    "react-lifecycles-compat": {
      "version": "3.0.4",
      "resolved": "https://registry.npmjs.org/react-lifecycles-compat/-/react-lifecycles-compat-3.0.4.tgz",
      "integrity": "sha512-fBASbA6LnOU9dOU2eW7aQ8xmYBSXUIWr+UmF9b1efZBazGNO+rcXT/icdKnYm2pTwcRylVUYwW7H1PHfLekVzA=="
    },
    "react-virtualized": {
      "version": "9.21.2",
      "resolved": "https://registry.npmjs.org/react-virtualized/-/react-virtualized-9.21.2.tgz",
      "integrity": "sha512-oX7I7KYiUM7lVXQzmhtF4Xg/4UA5duSA+/ZcAvdWlTLFCoFYq1SbauJT5gZK9cZS/wdYR6TPGpX/dqzvTqQeBA==",
      "requires": {
        "babel-runtime": "^6.26.0",
        "clsx": "^1.0.1",
        "dom-helpers": "^5.0.0",
        "loose-envify": "^1.3.0",
        "prop-types": "^15.6.0",
        "react-lifecycles-compat": "^3.0.4"
      }
    },
    "recompose": {
      "version": "0.30.0",
      "resolved": "https://registry.npmjs.org/recompose/-/recompose-0.30.0.tgz",
      "integrity": "sha512-ZTrzzUDa9AqUIhRk4KmVFihH0rapdCSMFXjhHbNrjAWxBuUD/guYlyysMnuHjlZC/KRiOKRtB4jf96yYSkKE8w==",
      "requires": {
        "@babel/runtime": "^7.0.0",
        "change-emitter": "^0.1.2",
        "fbjs": "^0.8.1",
        "hoist-non-react-statics": "^2.3.1",
        "react-lifecycles-compat": "^3.0.2",
        "symbol-observable": "^1.0.4"
      }
    },
    "regenerator-runtime": {
      "version": "0.11.1",
      "resolved": "https://registry.npmjs.org/regenerator-runtime/-/regenerator-runtime-0.11.1.tgz",
      "integrity": "sha512-MguG95oij0fC3QV3URf4V2SDYGJhJnJGqvIIgdECeODCT98wSWDAJ94SSuVpYQUoTcGUIL6L4yNB7j1DFFHSBg=="
    },
    "rsuite": {
      "version": "4.3.0",
      "resolved": "https://registry.npmjs.org/rsuite/-/rsuite-4.3.0.tgz",
      "integrity": "sha512-24+upc2BvwVebHRcmEHYk5QHteKt5+a+yZU0xksW/Bfgf+uKeME87ZaREla6LYpd0J0kw+9OX6/QVavExvI6yw==",
      "requires": {
        "@babel/runtime": "^7.8.4",
        "classnames": ">=2.0.0",
        "date-fns": "^1.30.1",
        "dom-lib": "^1.2.1",
        "element-resize-event": "^3.0.3",
        "lodash": "^4.17.11",
        "prop-types": "^15.7.2",
        "react-lifecycles-compat": "^3.0.4",
        "react-virtualized": "^9.21.0",
        "recompose": "^0.30.0",
        "rsuite-table": "^3.9.2",
        "rsuite-utils": "^2.2.1",
        "schema-typed": "^1.4.0"
      }
    },
    "rsuite-table": {
      "version": "3.9.2",
      "resolved": "https://registry.npmjs.org/rsuite-table/-/rsuite-table-3.9.2.tgz",
      "integrity": "sha512-hHKvdaqYzaVriA7TQUWXbgLZ4dYa0zz/wxMWbfcGoRtkLTC5FBcrDftfjysTctyCR6HnkBbUDWnvPplcEnRoBA==",
      "requires": {
        "@babel/runtime": "^7.8.4",
        "classnames": "^2.2.5",
        "dom-lib": "^1.2.1",
        "element-resize-event": "^3.0.2",
        "lodash": "^4.17.5"
      }
    },
    "rsuite-utils": {
      "version": "2.2.1",
      "resolved": "https://registry.npmjs.org/rsuite-utils/-/rsuite-utils-2.2.1.tgz",
      "integrity": "sha512-viDaUWDb6UtrV2YcncrJmJqinf4VmhMr73rU7xfympIBMZ3frfbnWbhxro8zrlLocMDKWbu0MgYF5SGBBIwsYA==",
      "requires": {
        "classnames": "^2.2.5",
        "lodash": "^4.17.5",
        "react-lifecycles-compat": "^3.0.4"
      }
    },
    "safer-buffer": {
      "version": "2.1.2",
      "resolved": "https://registry.npmjs.org/safer-buffer/-/safer-buffer-2.1.2.tgz",
      "integrity": "sha512-YZo3K82SD7Riyi0E1EQPojLz7kpepnSQI9IyPbHHg1XXXevb5dJI7tpyN2ADxGcQbHG7vcyRHk0cbwqcQriUtg=="
    },
    "sax": {
      "version": "1.2.1",
      "resolved": "https://registry.npmjs.org/sax/-/sax-1.2.1.tgz",
      "integrity": "sha1-e45lYZCyKOgaZq6nSEgNgozS03o="
    },
    "schema-typed": {
      "version": "1.5.0",
      "resolved": "https://registry.npmjs.org/schema-typed/-/schema-typed-1.5.0.tgz",
      "integrity": "sha512-gKVmlCEUCN0QCL0Qx1VeipowuYDwEov4Trjz/Ibe/zSaq1D0XiqsvAyNowdOiko/YzLBmFfXPbxoS3LgVyJnoQ=="
    },
    "setimmediate": {
      "version": "1.0.5",
      "resolved": "https://registry.npmjs.org/setimmediate/-/setimmediate-1.0.5.tgz",
      "integrity": "sha1-KQy7Iy4waULX1+qbg3Mqt4VvgoU="
    },
    "symbol-observable": {
      "version": "1.2.0",
      "resolved": "https://registry.npmjs.org/symbol-observable/-/symbol-observable-1.2.0.tgz",
      "integrity": "sha512-e900nM8RRtGhlV36KGEU9k65K3mPb1WV70OdjfxlG2EAuM1noi/E/BaW/uMhL7bPEssK8QV57vN3esixjUvcXQ=="
    },
    "tslib": {
      "version": "1.11.1",
      "resolved": "https://registry.npmjs.org/tslib/-/tslib-1.11.1.tgz",
      "integrity": "sha512-aZW88SY8kQbU7gpV19lN24LtXh/yD4ZZg6qieAJDDg+YBsJcSmLGK9QpnUjAKVG/xefmvJGd1WUmfpT/g6AJGA=="
    },
    "ua-parser-js": {
      "version": "0.7.21",
      "resolved": "https://registry.npmjs.org/ua-parser-js/-/ua-parser-js-0.7.21.tgz",
      "integrity": "sha512-+O8/qh/Qj8CgC6eYBVBykMrNtp5Gebn4dlGD/kKXVkJNDwyrAwSIqwz8CDf+tsAIWVycKcku6gIXJ0qwx/ZXaQ=="
    },
    "url": {
      "version": "0.11.0",
      "resolved": "https://registry.npmjs.org/url/-/url-0.11.0.tgz",
      "integrity": "sha1-ODjpfPxgUh63PFJajlW/3Z4uKPE=",
      "requires": {
        "punycode": "1.3.2",
        "querystring": "0.2.0"
      }
    },
    "uuid": {
      "version": "3.4.0",
      "resolved": "https://registry.npmjs.org/uuid/-/uuid-3.4.0.tgz",
      "integrity": "sha512-HjSDRw6gZE5JMggctHBcjVak08+KEVhSIiDzFnT9S9aegmp85S/bReBVTb4QTFaRNptJ9kuYaNhnbNEOkbKb/A=="
    },
    "whatwg-fetch": {
      "version": "3.0.0",
      "resolved": "https://registry.npmjs.org/whatwg-fetch/-/whatwg-fetch-3.0.0.tgz",
      "integrity": "sha512-9GSJUgz1D4MfyKU7KRqwOjXCXTqWdFNvEr7eUBYchQiVc744mqK/MzXPNR2WsPkmkOa4ywfg8C2n8h+13Bey1Q=="
    },
    "xml2js": {
      "version": "0.4.19",
      "resolved": "https://registry.npmjs.org/xml2js/-/xml2js-0.4.19.tgz",
      "integrity": "sha512-esZnJZJOiJR9wWKMyuvSE1y6Dq5LCuJanqhxslH2bxM6duahNZ+HMpCLhBQGZkbX6xRf8x1Y2eJlgt2q3qo49Q==",
      "requires": {
        "sax": ">=0.6.0",
        "xmlbuilder": "~9.0.1"
      }
    },
    "xmlbuilder": {
      "version": "9.0.7",
      "resolved": "https://registry.npmjs.org/xmlbuilder/-/xmlbuilder-9.0.7.tgz",
      "integrity": "sha1-Ey7mPS7FVlxVfiD0wi35rKaGsQ0="
    },
    "zen-observable": {
      "version": "0.8.15",
      "resolved": "https://registry.npmjs.org/zen-observable/-/zen-observable-0.8.15.tgz",
      "integrity": "sha512-PQ2PC7R9rslx84ndNBZB/Dkv8V8fZEpk83RLgXtYd0fwUgEjseMn1Dgajh2x6S8QbZAFa9p2qVCEuYZNgve0dQ=="
    }
  }
}
